
Microsoft Visual Studio Solution File, Format Version 12.00
# Visual Studio Version 16
VisualStudioVersion = 16.0.30011.22
MinimumVisualStudioVersion = 10.0.40219.1
Project("{9A19103F-16F7-4668-BE54-9A1E7A4F7556}") = "MyApiGw", "MyApiGw\MyApiGw.csproj", "{105533D7-0A69-41A4-8109-1FEEE3A1BC30}"
EndProject
Project("{9A19103F-16F7-4668-BE54-9A1E7A4F7556}") = "tyk-cert-auth-plugin", "tyk-cert-auth-plugin\tyk-cert-auth-plugin.csproj", "{32A4034E-13F3-4315-9314-0C9844CA72E9}"
EndProject
Project("{9A19103F-16F7-4668-BE54-9A1E7A4F7556}") = "azb2c", "azb2c\azb2c.csproj", "{577F99A7-3A62-4A72-A8C8-DF700DB5BAC8}"
EndProject
Global
	GlobalSection(SolutionConfigurationPlatforms) = preSolution
		Debug|Any CPU = Debug|Any CPU
		Release|Any CPU = Release|Any CPU
	EndGlobalSection
	GlobalSection(ProjectConfigurationPlatforms) = postSolution
		{105533D7-0A69-41A4-8109-1FEEE3A1BC30}.Debug|Any CPU.ActiveCfg = Debug|Any CPU
		{105533D7-0A69-41A4-8109-1FEEE3A1BC30}.Debug|Any CPU.Build.0 = Debug|Any CPU
		{105533D7-0A69-41A4-8109-1FEEE3A1BC30}.Release|Any CPU.ActiveCfg = Release|Any CPU
		{105533D7-0A69-41A4-8109-1FEEE3A1BC30}.Release|Any CPU.Build.0 = Release|Any CPU
		{32A4034E-13F3-4315-9314-0C9844CA72E9}.Debug|Any CPU.ActiveCfg = Debug|Any CPU
		{32A4034E-13F3-4315-9314-0C9844CA72E9}.Debug|Any CPU.Build.0 = Debug|Any CPU
		{32A4034E-13F3-4315-9314-0C9844CA72E9}.Release|Any CPU.ActiveCfg = Release|Any CPU
		{32A4034E-13F3-4315-9314-0C9844CA72E9}.Release|Any CPU.Build.0 = Release|Any CPU
		{577F99A7-3A62-4A72-A8C8-DF700DB5BAC8}.Debug|Any CPU.ActiveCfg = Debug|Any CPU
		{577F99A7-3A62-4A72-A8C8-DF700DB5BAC8}.Debug|Any CPU.Build.0 = Debug|Any CPU
		{577F99A7-3A62-4A72-A8C8-DF700DB5BAC8}.Release|Any CPU.ActiveCfg = Release|Any CPU
		{577F99A7-3A62-4A72-A8C8-DF700DB5BAC8}.Release|Any CPU.Build.0 = Release|Any CPU
	EndGlobalSection
	GlobalSection(SolutionProperties) = preSolution
		HideSolutionNode = FALSE
	EndGlobalSection
	GlobalSection(ExtensibilityGlobals) = postSolution
		SolutionGuid = {1E6A6D82-CA78-4E9C-A120-29BA840390BA}
	EndGlobalSection
EndGlobal
